
Microsoft Visual Studio Solution File, Format Version 12.00
# Visual Studio Version 17
VisualStudioVersion = 17.1.32228.430
MinimumVisualStudioVersion = 10.0.40219.1
Project("{FAE04EC0-301F-11D3-BF4B-00C04F79EFBC}") = "WebApplication1", "WebApplication1\WebApplication1.csproj", "{1114DF2E-60A1-4013-9409-87D6C2016C23}"
EndProject
Global
	GlobalSection(SolutionConfigurationPlatforms) = preSolution
		Debug|Any CPU = Debug|Any CPU
		Release|Any CPU = Release|Any CPU
	EndGlobalSection
	GlobalSection(ProjectConfigurationPlatforms) = postSolution
		{1114DF2E-60A1-4013-9409-87D6C2016C23}.Debug|Any CPU.ActiveCfg = Debug|Any CPU
		{1114DF2E-60A1-4013-9409-87D6C2016C23}.Debug|Any CPU.Build.0 = Debug|Any CPU
		{1114DF2E-60A1-4013-9409-87D6C2016C23}.Release|Any CPU.ActiveCfg = Release|Any CPU
		{1114DF2E-60A1-4013-9409-87D6C2016C23}.Release|Any CPU.Build.0 = Release|Any CPU
	EndGlobalSection
	GlobalSection(SolutionProperties) = preSolution
		HideSolutionNode = FALSE
	EndGlobalSection
	GlobalSection(ExtensibilityGlobals) = postSolution
		SolutionGuid = {6E61B7FE-78AA-4C72-B9BF-2CF707E03EEE}
	EndGlobalSection
EndGlobal
